
Microsoft Visual Studio Solution File, Format Version 12.00
# Visual Studio 15
VisualStudioVersion = 15.0.28307.2017
MinimumVisualStudioVersion = 10.0.40219.1
Project("{FAE04EC0-301F-11D3-BF4B-00C04F79EFBC}") = "YouTubeEgitim", "YouTubeEgitim\YouTubeEgitim.csproj", "{A82BB421-AF4E-486E-98CE-4B592E677BB2}"
EndProject
Global
	GlobalSection(SolutionConfigurationPlatforms) = preSolution
		Debug|Any CPU = Debug|Any CPU
		Release|Any CPU = Release|Any CPU
	EndGlobalSection
	GlobalSection(ProjectConfigurationPlatforms) = postSolution
		{A82BB421-AF4E-486E-98CE-4B592E677BB2}.Debug|Any CPU.ActiveCfg = Debug|Any CPU
		{A82BB421-AF4E-486E-98CE-4B592E677BB2}.Debug|Any CPU.Build.0 = Debug|Any CPU
		{A82BB421-AF4E-486E-98CE-4B592E677BB2}.Release|Any CPU.ActiveCfg = Release|Any CPU
		{A82BB421-AF4E-486E-98CE-4B592E677BB2}.Release|Any CPU.Build.0 = Release|Any CPU
	EndGlobalSection
	GlobalSection(SolutionProperties) = preSolution
		HideSolutionNode = FALSE
	EndGlobalSection
	GlobalSection(ExtensibilityGlobals) = postSolution
		SolutionGuid = {4F4B40E9-A162-47F7-841A-1C6D978B00E7}
	EndGlobalSection
EndGlobal
